sdk: ^2.0.0-alpha.79
prefixes:
  discord: toit-discord
  host: pkg-host
  ntp: pkg-ntp
  openai: toit-openai
  telegram: toit-telegram
packages:
  pkg-host:
    url: github.com/toitlang/pkg-host
    version: 1.9.0
    hash: 76e4dc5328a5c3739e97f65ed196d05058071359
  pkg-http:
    url: github.com/toitlang/pkg-http
    version: 2.3.3
    hash: 1e9de1eade90e9dbe0bab62a11c7bcc9914664d0
  pkg-ntp:
    url: github.com/toitlang/pkg-ntp
    version: 1.0.0
    hash: 1c3cc4a4819f459393f00efc576f66f838665719
  toit-cert-roots:
    url: github.com/toitware/toit-cert-roots
    version: 1.5.0
    hash: 27a9f9ff3d337b6128e98e220126e3cc275bcd73
  toit-discord:
    url: github.com/floitsch/toit-discord
    version: 0.3.3
    hash: da2ef7c2408343dbe7b191946d0c2bbf662b2cda
    prefixes:
      certificate_roots: toit-cert-roots
      http: pkg-http
  toit-openai:
    path: ../../toit-openai
    prefixes:
      certificate_roots: toit-cert-roots
      http: pkg-http
  toit-telegram:
    url: github.com/floitsch/toit-telegram
    version: 0.5.2
    hash: 86f963b32a97f3d473d4261c19cb9af3f0354688
    prefixes:
      certificate_roots: toit-cert-roots
      http: pkg-http
