sdk: ^2.0.0-alpha.64
prefixes:
  discord: toit-discord
  host: pkg-host
  openai: toit-openai
  telegram: toit-telegram
packages:
  pkg-host:
    url: github.com/toitlang/pkg-host
    version: 1.9.0
    hash: 76e4dc5328a5c3739e97f65ed196d05058071359
  pkg-http:
    url: github.com/toitlang/pkg-http
    version: 2.1.0
    hash: 54cb9c5e06d53da3d5608ea7454b9113de079c15
  toit-cert-roots:
    url: github.com/toitware/toit-cert-roots
    version: 1.4.0
    hash: bf41ee60ebba65ba01bc9ba1aa6d697e4cc4a8c7
  toit-discord:
    url: github.com/floitsch/toit-discord
    version: 0.3.0
    hash: 71220a5f0b6cdab4ca504dbb6abc68a87064bfd6
    prefixes:
      certificate_roots: toit-cert-roots
      http: pkg-http
  toit-openai:
    url: github.com/toitware/toit-openai
    version: 0.1.0
    hash: a4fe0353b2491779f59263dd089e091c7dc9db8d
    prefixes:
      certificate_roots: toit-cert-roots
      http: pkg-http
  toit-telegram:
    url: github.com/floitsch/toit-telegram
    version: 0.3.0
    hash: f5b5c1ca590b5896945b97d938eb217498041229
    prefixes:
      certificate_roots: toit-cert-roots
      http: pkg-http
