sdk: ^2.0.0-alpha.145
prefixes:
  discord: toit-discord
  host: pkg-host
  ntp: pkg-ntp
  openai: toit-openai
  telegram: toit-telegram
packages:
  pkg-host:
    url: github.com/toitlang/pkg-host
    name: host
    version: 1.15.1
    hash: ff187c2c19d695e66c3dc1d9c09b4dc6bec09088
  pkg-http:
    url: github.com/toitlang/pkg-http
    name: http
    version: 2.7.2
    hash: 614dd0f374e70aab09f12e9466a35b779b9a8d63
  pkg-ntp:
    url: github.com/toitlang/pkg-ntp
    name: ntp
    version: 1.1.0
    hash: e69bb1abc0d3d4aa7642eec3360e52744e4d011d
  toit-cert-roots:
    url: github.com/toitware/toit-cert-roots
    name: certificate_roots
    version: 1.6.1
    hash: 55d3be82ed53d8d332338b2de931865cf69fe48b
  toit-discord:
    url: github.com/floitsch/toit-discord
    name: discord
    version: 0.3.3
    hash: da2ef7c2408343dbe7b191946d0c2bbf662b2cda
    prefixes:
      certificate_roots: toit-cert-roots
      http: pkg-http
  toit-openai:
    path: ../../toit-openai
    prefixes:
      certificate_roots: toit-cert-roots
      http: pkg-http
  toit-telegram:
    url: github.com/floitsch/toit-telegram
    name: telegram
    version: 0.5.3
    hash: 438903d35f6eae1faa7573f5f51b4fa5db3b7dff
    prefixes:
      certificate_roots: toit-cert-roots
      http: pkg-http
