sdk: ^2.0.0-alpha.124
prefixes:
  device_bot: toit-device-bot
  dhtxx: toit-dhtxx
  host: pkg-host
  telegram: toit-telegram
packages:
  pkg-host:
    url: github.com/toitlang/pkg-host
    name: host
    version: 1.13.0
    hash: 64ee9e7bf1fd0e748e778a61269cd653fd748af8
  pkg-http:
    url: github.com/toitlang/pkg-http
    name: http
    version: 2.3.4
    hash: 39fe52083b4c745cc37420649a48277b45728fd2
  toit-cert-roots:
    url: github.com/toitware/toit-cert-roots
    name: certificate_roots
    version: 1.6.1
    hash: 55d3be82ed53d8d332338b2de931865cf69fe48b
  toit-device-bot:
    url: github.com/floitsch/toit-device-bot
    name: device_bot
    version: 0.2.1
    hash: b7463fc191221615ee830a8aabd63793bd25584b
    prefixes:
      host: pkg-host
      openai: toit-openai
  toit-dhtxx:
    url: github.com/toitware/toit-dhtxx
    name: dhtxx
    version: 1.4.0
    hash: bf69ad9ac348324803caf8919cf7e9f34aa3d343
  toit-openai:
    url: github.com/toitware/toit-openai
    name: openai
    version: 0.1.0
    hash: a4fe0353b2491779f59263dd089e091c7dc9db8d
    prefixes:
      certificate_roots: toit-cert-roots
      http: pkg-http
  toit-telegram:
    url: github.com/floitsch/toit-telegram
    name: telegram
    version: 0.1.1
    hash: bba181f8f05a8bd76be6b7b7f842bfec2f8098e7
    prefixes:
      certificate_roots: toit-cert-roots
      http: pkg-http
