sdk: ^2.0.0-alpha.124
prefixes:
  device_bot: toit-device-bot
  discord: toit-discord
  hc_sr04: toit-hc-sr04
  host: pkg-host
  pixel_strip: toit-pixel-strip
  telegram: toit-telegram
packages:
  pkg-host:
    url: github.com/toitlang/pkg-host
    name: host
    version: 1.13.0
    hash: 64ee9e7bf1fd0e748e778a61269cd653fd748af8
  pkg-http:
    url: github.com/toitlang/pkg-http
    name: http
    version: 2.3.4
    hash: 39fe52083b4c745cc37420649a48277b45728fd2
  toit-cert-roots:
    url: github.com/toitware/toit-cert-roots
    name: certificate_roots
    version: 1.6.1
    hash: 55d3be82ed53d8d332338b2de931865cf69fe48b
  toit-device-bot:
    url: github.com/floitsch/toit-device-bot
    name: device_bot
    version: 0.1.1
    hash: bc2759dff265dace0fb3c9a0e8281065f06f61c7
    prefixes:
      host: pkg-host
      openai: toit-openai
  toit-discord:
    url: github.com/floitsch/toit-discord
    name: discord
    version: 0.1.0
    hash: 117caa44df37c0ae5822e2a79269f605a3793b53
    prefixes:
      certificate_roots: toit-cert-roots
      http: pkg-http
  toit-hc-sr04:
    url: github.com/lask/toit-hc-sr04
    name: hc_sr04
    version: 2.1.1
    hash: da8389adec9f012999c385b69bc42e26e19b51fa
  toit-openai:
    url: github.com/toitware/toit-openai
    name: openai
    version: 0.1.0
    hash: a4fe0353b2491779f59263dd089e091c7dc9db8d
    prefixes:
      certificate_roots: toit-cert-roots
      http: pkg-http
  toit-pixel-strip:
    url: github.com/toitware/toit-pixel-strip
    name: pixel_strip
    version: 0.3.0
    hash: 6afc86f08e0e751a58a4f56b119d5e14464a4762
  toit-telegram:
    url: github.com/floitsch/toit-telegram
    name: telegram
    version: 0.1.1
    hash: bba181f8f05a8bd76be6b7b7f842bfec2f8098e7
    prefixes:
      certificate_roots: toit-cert-roots
      http: pkg-http
